{
  "lockfile_version": "1",
  "packages": {
    "awscli2@latest": {
      "last_modified": "2025-08-08T08:05:48Z",
      "resolved": "github:NixOS/nixpkgs/a3f3e3f2c983e957af6b07a1db98bafd1f87b7a1#awscli2",
      "source": "devbox-search",
      "version": "2.28.1",
      "systems": {
        "aarch64-darwin": {
          "outputs": [
            {
              "name": "out",
              "path": "/nix/store/rgavcd6nf9ycmm53r86js1n8zv6k5717-awscli2-2.28.1",
              "default": true
            },
            {
              "name": "dist",
              "path": "/nix/store/bcqbw14w0689hslsnd9r1vqh8445n5d3-awscli2-2.28.1-dist"
            }
          ],
          "store_path": "/nix/store/rgavcd6nf9ycmm53r86js1n8zv6k5717-awscli2-2.28.1"
        },
        "aarch64-linux": {
          "outputs": [
            {
              "name": "out",
              "path": "/nix/store/agnnh10lr6xhvvyy9k74bbsiwaxd18ma-awscli2-2.28.1",
              "default": true
            },
            {
              "name": "dist",
              "path": "/nix/store/bjn51pqs4q12ajiq8idsv4pxfi85zqyv-awscli2-2.28.1-dist"
            }
          ],
          "store_path": "/nix/store/agnnh10lr6xhvvyy9k74bbsiwaxd18ma-awscli2-2.28.1"
        },
        "x86_64-darwin": {
          "outputs": [
            {
              "name": "out",
              "path": "/nix/store/fy6lwzj66lhbzqx4023jpkl78l5sb3l4-awscli2-2.28.1",
              "default": true
            },
            {
              "name": "dist",
              "path": "/nix/store/72zij4gvx5rhr4l8jn0d4bas35brf19h-awscli2-2.28.1-dist"
            }
          ],
          "store_path": "/nix/store/fy6lwzj66lhbzqx4023jpkl78l5sb3l4-awscli2-2.28.1"
        },
        "x86_64-linux": {
          "outputs": [
            {
              "name": "out",
              "path": "/nix/store/a830f5ksp5fa8v8fl0bw29amwazwbf50-awscli2-2.28.1",
              "default": true
            },
            {
              "name": "dist",
              "path": "/nix/store/6ddshy6z4h24brknz0a1ahjdvbm7yl6s-awscli2-2.28.1-dist"
            }
          ],
          "store_path": "/nix/store/a830f5ksp5fa8v8fl0bw29amwazwbf50-awscli2-2.28.1"
        }
      }
    },
    "bun@latest": {
      "last_modified": "2025-07-28T17:09:23Z",
      "resolved": "github:NixOS/nixpkgs/648f70160c03151bc2121d179291337ad6bc564b#bun",
      "source": "devbox-search",
      "version": "1.2.19",
      "systems": {
        "aarch64-darwin": {
          "outputs": [
            {
              "name": "out",
              "path": "/nix/store/l08n46gh7klp2k7nyvmnx79f8p4hysfn-bun-1.2.19",
              "default": true
            }
          ],
          "store_path": "/nix/store/l08n46gh7klp2k7nyvmnx79f8p4hysfn-bun-1.2.19"
        },
        "aarch64-linux": {
          "outputs": [
            {
              "name": "out",
              "path": "/nix/store/z8g8qnq77kiam9p28i0mgz1c593p20zj-bun-1.2.19",
              "default": true
            }
          ],
          "store_path": "/nix/store/z8g8qnq77kiam9p28i0mgz1c593p20zj-bun-1.2.19"
        },
        "x86_64-darwin": {
          "outputs": [
            {
              "name": "out",
              "path": "/nix/store/xqb8kv7x7jvw20568vprcbc0vvwwrr1w-bun-1.2.19",
              "default": true
            }
          ],
          "store_path": "/nix/store/xqb8kv7x7jvw20568vprcbc0vvwwrr1w-bun-1.2.19"
        },
        "x86_64-linux": {
          "outputs": [
            {
              "name": "out",
              "path": "/nix/store/vhsmlg6lmlgydrmjgqnn7zx524cn3q2x-bun-1.2.19",
              "default": true
            }
          ],
          "store_path": "/nix/store/vhsmlg6lmlgydrmjgqnn7zx524cn3q2x-bun-1.2.19"
        }
      }
    },
    "github:NixOS/nixpkgs/nixpkgs-unstable": {
      "last_modified": "2025-08-11T23:54:17Z",
      "resolved": "github:NixOS/nixpkgs/5a983011e0f4b3b286aaa73e011ce32b1449a528?lastModified=1754956457&narHash=sha256-T2%2BGFBeim9Nd1D1sTytRpgo8E2RwlTwHmQUmewBceo4%3D"
    }
  }
}
